
Microsoft Visual Studio Solution File, Format Version 12.00
# Visual Studio 15
VisualStudioVersion = 15.0.26124.0
MinimumVisualStudioVersion = 15.0.26124.0
Project("{2150E333-8FDC-42A3-9474-1A3956D46DE8}") = "src", "src", "{1E05458F-2E14-4038-ABFF-6A8C0ACAC479}"
EndProject
Project("{FAE04EC0-301F-11D3-BF4B-00C04F79EFBC}") = "BlogAppCore", "src\BlogAppCore\BlogAppCore.csproj", "{060A8180-CE31-4BA3-996E-61B2571F6931}"
EndProject
Project("{FAE04EC0-301F-11D3-BF4B-00C04F79EFBC}") = "BlogAppCore.Application", "src\BlogAppCore.Application\BlogAppCore.Application.csproj", "{7FD95E00-9FB2-4214-AC4E-DBB4986BC283}"
EndProject
Project("{FAE04EC0-301F-11D3-BF4B-00C04F79EFBC}") = "BlogAppCore.Domain", "src\BlogAppCore.Domain\BlogAppCore.Domain.csproj", "{28A52A88-5742-46FD-BB27-1751EF8BB9FC}"
EndProject
Project("{FAE04EC0-301F-11D3-BF4B-00C04F79EFBC}") = "BlogAppCore.Persistence", "src\BlogAppCore.Persistence\BlogAppCore.Persistence.csproj", "{671D91A0-3A29-4A4F-9F02-DB94C43ABF54}"
EndProject
Project("{2150E333-8FDC-42A3-9474-1A3956D46DE8}") = "test", "test", "{DD7219DD-E107-4E20-8B52-666AAAF80903}"
EndProject
Project("{FAE04EC0-301F-11D3-BF4B-00C04F79EFBC}") = "BlogAppCore.Domain.Tests", "test\BlogAppCore.Domain.Tests\BlogAppCore.Domain.Tests.csproj", "{5D8A7E50-19CC-410A-88FF-28743AFF487E}"
EndProject
Project("{FAE04EC0-301F-11D3-BF4B-00C04F79EFBC}") = "BlogAppCore.Application.Tests", "test\BlogAppCore.Application.Tests\BlogAppCore.Application.Tests.csproj", "{1374B3EE-5850-44CA-B128-2BFEEB0F8FB5}"
EndProject
Global
	GlobalSection(SolutionConfigurationPlatforms) = preSolution
		Debug|Any CPU = Debug|Any CPU
		Debug|x64 = Debug|x64
		Debug|x86 = Debug|x86
		Release|Any CPU = Release|Any CPU
		Release|x64 = Release|x64
		Release|x86 = Release|x86
	EndGlobalSection
	GlobalSection(SolutionProperties) = preSolution
		HideSolutionNode = FALSE
	EndGlobalSection
	GlobalSection(ProjectConfigurationPlatforms) = postSolution
		{060A8180-CE31-4BA3-996E-61B2571F6931}.Debug|Any CPU.ActiveCfg = Debug|Any CPU
		{060A8180-CE31-4BA3-996E-61B2571F6931}.Debug|Any CPU.Build.0 = Debug|Any CPU
		{060A8180-CE31-4BA3-996E-61B2571F6931}.Debug|x64.ActiveCfg = Debug|Any CPU
		{060A8180-CE31-4BA3-996E-61B2571F6931}.Debug|x64.Build.0 = Debug|Any CPU
		{060A8180-CE31-4BA3-996E-61B2571F6931}.Debug|x86.ActiveCfg = Debug|Any CPU
		{060A8180-CE31-4BA3-996E-61B2571F6931}.Debug|x86.Build.0 = Debug|Any CPU
		{060A8180-CE31-4BA3-996E-61B2571F6931}.Release|Any CPU.ActiveCfg = Release|Any CPU
		{060A8180-CE31-4BA3-996E-61B2571F6931}.Release|Any CPU.Build.0 = Release|Any CPU
		{060A8180-CE31-4BA3-996E-61B2571F6931}.Release|x64.ActiveCfg = Release|Any CPU
		{060A8180-CE31-4BA3-996E-61B2571F6931}.Release|x64.Build.0 = Release|Any CPU
		{060A8180-CE31-4BA3-996E-61B2571F6931}.Release|x86.ActiveCfg = Release|Any CPU
		{060A8180-CE31-4BA3-996E-61B2571F6931}.Release|x86.Build.0 = Release|Any CPU
		{7FD95E00-9FB2-4214-AC4E-DBB4986BC283}.Debug|Any CPU.ActiveCfg = Debug|Any CPU
		{7FD95E00-9FB2-4214-AC4E-DBB4986BC283}.Debug|Any CPU.Build.0 = Debug|Any CPU
		{7FD95E00-9FB2-4214-AC4E-DBB4986BC283}.Debug|x64.ActiveCfg = Debug|Any CPU
		{7FD95E00-9FB2-4214-AC4E-DBB4986BC283}.Debug|x64.Build.0 = Debug|Any CPU
		{7FD95E00-9FB2-4214-AC4E-DBB4986BC283}.Debug|x86.ActiveCfg = Debug|Any CPU
		{7FD95E00-9FB2-4214-AC4E-DBB4986BC283}.Debug|x86.Build.0 = Debug|Any CPU
		{7FD95E00-9FB2-4214-AC4E-DBB4986BC283}.Release|Any CPU.ActiveCfg = Release|Any CPU
		{7FD95E00-9FB2-4214-AC4E-DBB4986BC283}.Release|Any CPU.Build.0 = Release|Any CPU
		{7FD95E00-9FB2-4214-AC4E-DBB4986BC283}.Release|x64.ActiveCfg = Release|Any CPU
		{7FD95E00-9FB2-4214-AC4E-DBB4986BC283}.Release|x64.Build.0 = Release|Any CPU
		{7FD95E00-9FB2-4214-AC4E-DBB4986BC283}.Release|x86.ActiveCfg = Release|Any CPU
		{7FD95E00-9FB2-4214-AC4E-DBB4986BC283}.Release|x86.Build.0 = Release|Any CPU
		{28A52A88-5742-46FD-BB27-1751EF8BB9FC}.Debug|Any CPU.ActiveCfg = Debug|Any CPU
		{28A52A88-5742-46FD-BB27-1751EF8BB9FC}.Debug|Any CPU.Build.0 = Debug|Any CPU
		{28A52A88-5742-46FD-BB27-1751EF8BB9FC}.Debug|x64.ActiveCfg = Debug|Any CPU
		{28A52A88-5742-46FD-BB27-1751EF8BB9FC}.Debug|x64.Build.0 = Debug|Any CPU
		{28A52A88-5742-46FD-BB27-1751EF8BB9FC}.Debug|x86.ActiveCfg = Debug|Any CPU
		{28A52A88-5742-46FD-BB27-1751EF8BB9FC}.Debug|x86.Build.0 = Debug|Any CPU
		{28A52A88-5742-46FD-BB27-1751EF8BB9FC}.Release|Any CPU.ActiveCfg = Release|Any CPU
		{28A52A88-5742-46FD-BB27-1751EF8BB9FC}.Release|Any CPU.Build.0 = Release|Any CPU
		{28A52A88-5742-46FD-BB27-1751EF8BB9FC}.Release|x64.ActiveCfg = Release|Any CPU
		{28A52A88-5742-46FD-BB27-1751EF8BB9FC}.Release|x64.Build.0 = Release|Any CPU
		{28A52A88-5742-46FD-BB27-1751EF8BB9FC}.Release|x86.ActiveCfg = Release|Any CPU
		{28A52A88-5742-46FD-BB27-1751EF8BB9FC}.Release|x86.Build.0 = Release|Any CPU
		{671D91A0-3A29-4A4F-9F02-DB94C43ABF54}.Debug|Any CPU.ActiveCfg = Debug|Any CPU
		{671D91A0-3A29-4A4F-9F02-DB94C43ABF54}.Debug|Any CPU.Build.0 = Debug|Any CPU
		{671D91A0-3A29-4A4F-9F02-DB94C43ABF54}.Debug|x64.ActiveCfg = Debug|Any CPU
		{671D91A0-3A29-4A4F-9F02-DB94C43ABF54}.Debug|x64.Build.0 = Debug|Any CPU
		{671D91A0-3A29-4A4F-9F02-DB94C43ABF54}.Debug|x86.ActiveCfg = Debug|Any CPU
		{671D91A0-3A29-4A4F-9F02-DB94C43ABF54}.Debug|x86.Build.0 = Debug|Any CPU
		{671D91A0-3A29-4A4F-9F02-DB94C43ABF54}.Release|Any CPU.ActiveCfg = Release|Any CPU
		{671D91A0-3A29-4A4F-9F02-DB94C43ABF54}.Release|Any CPU.Build.0 = Release|Any CPU
		{671D91A0-3A29-4A4F-9F02-DB94C43ABF54}.Release|x64.ActiveCfg = Release|Any CPU
		{671D91A0-3A29-4A4F-9F02-DB94C43ABF54}.Release|x64.Build.0 = Release|Any CPU
		{671D91A0-3A29-4A4F-9F02-DB94C43ABF54}.Release|x86.ActiveCfg = Release|Any CPU
		{671D91A0-3A29-4A4F-9F02-DB94C43ABF54}.Release|x86.Build.0 = Release|Any CPU
		{5D8A7E50-19CC-410A-88FF-28743AFF487E}.Debug|Any CPU.ActiveCfg = Debug|Any CPU
		{5D8A7E50-19CC-410A-88FF-28743AFF487E}.Debug|Any CPU.Build.0 = Debug|Any CPU
		{5D8A7E50-19CC-410A-88FF-28743AFF487E}.Debug|x64.ActiveCfg = Debug|Any CPU
		{5D8A7E50-19CC-410A-88FF-28743AFF487E}.Debug|x64.Build.0 = Debug|Any CPU
		{5D8A7E50-19CC-410A-88FF-28743AFF487E}.Debug|x86.ActiveCfg = Debug|Any CPU
		{5D8A7E50-19CC-410A-88FF-28743AFF487E}.Debug|x86.Build.0 = Debug|Any CPU
		{5D8A7E50-19CC-410A-88FF-28743AFF487E}.Release|Any CPU.ActiveCfg = Release|Any CPU
		{5D8A7E50-19CC-410A-88FF-28743AFF487E}.Release|Any CPU.Build.0 = Release|Any CPU
		{5D8A7E50-19CC-410A-88FF-28743AFF487E}.Release|x64.ActiveCfg = Release|Any CPU
		{5D8A7E50-19CC-410A-88FF-28743AFF487E}.Release|x64.Build.0 = Release|Any CPU
		{5D8A7E50-19CC-410A-88FF-28743AFF487E}.Release|x86.ActiveCfg = Release|Any CPU
		{5D8A7E50-19CC-410A-88FF-28743AFF487E}.Release|x86.Build.0 = Release|Any CPU
		{1374B3EE-5850-44CA-B128-2BFEEB0F8FB5}.Debug|Any CPU.ActiveCfg = Debug|Any CPU
		{1374B3EE-5850-44CA-B128-2BFEEB0F8FB5}.Debug|Any CPU.Build.0 = Debug|Any CPU
		{1374B3EE-5850-44CA-B128-2BFEEB0F8FB5}.Debug|x64.ActiveCfg = Debug|Any CPU
		{1374B3EE-5850-44CA-B128-2BFEEB0F8FB5}.Debug|x64.Build.0 = Debug|Any CPU
		{1374B3EE-5850-44CA-B128-2BFEEB0F8FB5}.Debug|x86.ActiveCfg = Debug|Any CPU
		{1374B3EE-5850-44CA-B128-2BFEEB0F8FB5}.Debug|x86.Build.0 = Debug|Any CPU
		{1374B3EE-5850-44CA-B128-2BFEEB0F8FB5}.Release|Any CPU.ActiveCfg = Release|Any CPU
		{1374B3EE-5850-44CA-B128-2BFEEB0F8FB5}.Release|Any CPU.Build.0 = Release|Any CPU
		{1374B3EE-5850-44CA-B128-2BFEEB0F8FB5}.Release|x64.ActiveCfg = Release|Any CPU
		{1374B3EE-5850-44CA-B128-2BFEEB0F8FB5}.Release|x64.Build.0 = Release|Any CPU
		{1374B3EE-5850-44CA-B128-2BFEEB0F8FB5}.Release|x86.ActiveCfg = Release|Any CPU
		{1374B3EE-5850-44CA-B128-2BFEEB0F8FB5}.Release|x86.Build.0 = Release|Any CPU
	EndGlobalSection
	GlobalSection(NestedProjects) = preSolution
		{060A8180-CE31-4BA3-996E-61B2571F6931} = {1E05458F-2E14-4038-ABFF-6A8C0ACAC479}
		{7FD95E00-9FB2-4214-AC4E-DBB4986BC283} = {1E05458F-2E14-4038-ABFF-6A8C0ACAC479}
		{28A52A88-5742-46FD-BB27-1751EF8BB9FC} = {1E05458F-2E14-4038-ABFF-6A8C0ACAC479}
		{671D91A0-3A29-4A4F-9F02-DB94C43ABF54} = {1E05458F-2E14-4038-ABFF-6A8C0ACAC479}
		{5D8A7E50-19CC-410A-88FF-28743AFF487E} = {DD7219DD-E107-4E20-8B52-666AAAF80903}
		{1374B3EE-5850-44CA-B128-2BFEEB0F8FB5} = {DD7219DD-E107-4E20-8B52-666AAAF80903}
	EndGlobalSection
EndGlobal
